lockfileVersion: '9.0'

settings:
  autoInstallPeers: true
  excludeLinksFromLockfile: false

importers:

  .:
    dependencies:
      '@base-ui/react':
        specifier: ^1.5.0
        version: 1.5.0(@date-fns/tz@1.4.1)(@types/react@19.2.14)(date-fns@4.1.0)(react-dom@19.2.4(react@19.2.4))(react@19.2.4)
      '@vercel/analytics':
        specifier: 1.6.1
        version: 1.6.1(next@16.3.3(@babel/core@7.29.7)(@types/node@24.10.4)(react-dom@19.2.4(react@19.2.4))(react@19.2.4))(react@19.2.4)
      class-variance-authority:
        specifier: ^0.7.1
        version: 0.7.1
      clsx:
        specifier: ^2.1.1
        version: 2.1.1
      lucide-react:
        specifier: ^1.16.0
        version: 1.17.0(react@19.2.4)
      next:
        specifier: 16.3.3
        version: 16.3.3(@babel/core@7.29.7)(@types/node@24.10.4)(react-dom@19.2.4(react@19.2.4))(react@19.2.4)
      react:
        specifier: ^19
        version: 19.2.4
      react-dom:
        specifier: ^19
        version: 19.2.4(react@19.2.4)
      razorpay:
        specifier: ^3.0.0
        version: 3.0.0
      shadcn:
        specifier: ^4.11.0
        version: 4.19.0(typescript@5.7.3)
      tailwind-merge:
        specifier: ^3.3.1
        version: 3.4.0
      tw-animate-css:
        specifier: ^1.4.0
        version: 1.4.0
    devDependencies:
      '@tailwindcss/postcss':
        specifier: ^4.3.3
        version: 4.3.3
      '@types/node':
        specifier: ^24
        version: 24.10.4
      '@types/react':
        specifier: ^19
        version: 19.2.14
      '@types/react-dom':
        specifier: ^19
        version: 19.2.3(@types/react@19.2.14)
      postcss:
        specifier: ^8.5
        version: 8.5.6
      tailwindcss:
        specifier: ^4.3.3
        version: 4.3.3
      typescript:
        specifier: 5.7.3
        version: 5.7.3

packages:

  '@alloc/quick-lru@5.2.0':
    resolution: {integrity: sha512-UrcABB+4bUrFABwbluTIBErXwvbsU/V7TZWfmbgJfbkwiBuziS9gxdODUyuiecfdGQ85jglMW6juS3+z5TsKLw==}
    engines: {node: '>=10'}

  '@base-ui/react@1.5.0':
    resolution: {integrity: sha512-z1gSAlced1yY+iM+mHDEtIkD8UI3Ebs52MuBPxvV6f5hRutk+xvCH/wuB7hDqDzK9JG5FoMz5nhrqtSs1wjt1A==}
    engines: {node: '>=14.0.0'}
    peerDependencies:
      '@date-fns/tz': ^1.2.0
      '@types/react': ^17 || ^18 || ^19
      date-fns: ^4.0.0
      react: ^17 || ^18 || ^19
      react-dom: ^17 || ^18 || ^19
    peerDependenciesMeta:
      '@date-fns/tz':
        optional: true
      '@types/react':
        optional: true
      date-fns:
        optional: true

  '@date-fns/tz@1.4.1':
    resolution: {integrity: sha512-P5LUNhtbj6YfI3iJjw5EL9eUAG6OitD0W3fWQcpQjDRc/QIsL0tRNuO1PcDvPccWL1fSTXXdE1ds+l95DV/OFA==}

  '@next/env@16.3.3':
    resolution: {integrity: sha512-U2eYQRwXj+dsqxV79zFqExDdatnNY/ZWc2nsJU1p/OgT7fd3dXwlF6OjYaFQCfMoeTA19PWq+wVmYgimVA+V+g==}

  '@next/swc-darwin-arm64@16.3.3':
    resolution: {integrity: sha512-8Hiv32QJPwdV6KYJ8meR9SBA061tQqnIKTJDocvOXlEQqib0xMFpzArosuffFUUc0sslbh7QQ8a3Yey1QV8EIw==}
    engines: {node: '>= 10'}
    cpu: [arm64]
    os: [darwin]

  '@next/swc-darwin-x64@16.3.3':
    resolution: {integrity: sha512-A1lgKgwVchRYmSe467zdwhxT9040dd8lH+o65sL5Jet8fjB4kegw/rDyPIpYVRb6jAqwXFOJpjIXJLxQKLiE3A==}
    engines: {node: '>= 10'}
    cpu: [x64]
    os: [darwin]

  '@next/swc-linux-arm64-gnu@16.3.3':
    resolution: {integrity: sha512-bf0FIssMFueU2dm7vQEWWxk0c8UjKTdW0yzuh0sQsD8pf1+KCLDdaqhYZNMYGmXwEOiHAUzgBKudovIlcvvBjg==}
    engines: {node: '>= 10'}
    cpu: [arm64]
    os: [linux]
    libc: [glibc]

  '@next/swc-linux-x64-gnu@16.3.3':
    resolution: {integrity: sha512-0W46zw1N3ODpI6n0GeivHvvob1pooozgZVqy65k0mh4/7vr+FbY9+WpHzNVXjHipJf/A3FDheBG19H1s5A25rA==}
    engines: {node: '>= 10'}
    cpu: [x64]
    os: [linux]
    libc: [glibc]

  '@next/swc-win32-x64-msvc@16.3.3':
    resolution: {integrity: sha512-2VR4cTBzHXaBjnGsuH6GyJjENzQOmHeAh11uY1iUhjm3j5dEUrVJuUj+VL78jaGi/Dik8xS76zEj18BsFhlVZQ==}
    engines: {node: '>= 10'}
    cpu: [x64]
    os: [win32]

  '@swc/helpers@0.5.23':
    resolution: {integrity: sha512-5lSsMOTXURePglDfvuAQUqkGek9Hg2kksOYay2m0+XR++b2NWYL/4sWyuvVBIs8oKnJaxkdi9whaL/sqN13afw==}

  '@tailwindcss/postcss@4.3.3':
    resolution: {integrity: sha512-JTSZZGQi1AyKirbLN3azmjVzef92tcX7h+iSqPdaeStyFpGpDlKvvpxeOE8njhbUanbRwr3z8DyzhICWnMtQeg==}

  '@types/node@24.10.4':
    resolution: {integrity: sha512-vnDVpYPMzs4wunl27jHrfmwojOGKya0xyM3sH+UE5iv5uPS6vX7UIoh6m+vQc5LGBq52HBKPIn/zcSZVzeDEZg==}

  '@types/react-dom@19.2.3':
    resolution: {integrity: sha512-jp2L/eY6fn+KgVVQAOqYItbF0VY/YApe5Mz2F0aykSO8gx31bYCZyvSeYxCHKvzHG5eZjc+zyaS5BrBWya2+kQ==}
    peerDependencies:
      '@types/react': ^19.2.0

  '@types/react@19.2.14':
    resolution: {integrity: sha512-ilcTH/UniCkMdtexkoCN0bI7pMcJDvmQFPvuPvmEaYA/NSfFTAgdUSLAoVjaRJm7+6PvcM+q1zYOwS4wTYMF9w==}

  '@vercel/analytics@1.6.1':
    resolution: {integrity: sha512-oH9He/bEM+6oKlv3chWuOOcp8Y6fo6/PSro8hEkgCW3pu9/OiCXiUpRUogDh3Fs3LH2sosDrx8CxeOLBEE+afg==}
    peerDependencies:
      next: '>= 13'
      react: ^18 || ^19 || ^19.0.0-rc

  caniuse-lite@1.0.30001769:
    resolution: {integrity: sha512-BCfFL1sHijQlBGWBMuJyhZUhzo7wer5sVj9hqekB/7xn0Ypy+pER/edCYQm4exbXj4WiySGp40P8UuTh6w1srg==}

  class-variance-authority@0.7.1':
    resolution: {integrity: sha512-Ka+9Trutv7G8M6WT6SeiRWz792K5qEqIGEGzXKhAE6xOWAY6pPH8U+9IY3oCMv6kqTmLsv7Xh/2w2RigkePMsg==}

  client-only@0.0.1:
    resolution: {integrity: sha512-IV3Ou0jSMzZrd3pZ48nLkT9DA7Ag1pnPzaiQhpW7c3RbcqqzvzzVu+L8gfqMp/8IM2MQtSiqaCxrrcfu8I8rMA==}

  clsx@2.1.1:
    resolution: {integrity: sha512-eYm0QWBtUrBWZWG0d386OGAw16Z995PiOVo2B7bjWSbHedGl5e0ZWaq65kOGgUSNesEIDkB9ISbTg/JK9dhCZA==}
    engines: {node: '>=6'}

  date-fns@4.1.0:
    resolution: {integrity: sha512-Ukq0owbQXxa/U3EGtsdVBkR1w7KOQ5gIBqdH2hkvknzZPYvBxb/aa6E8L7tmjFtkwZBu3UXBbjIgPo/Ez4xaNg==}

  lucide-react@1.17.0:
    resolution: {integrity: sha512-eMJHHkg8dFMbvkbBNzh6iLX4K7dHkJVWN4v0xfZr58gQFz6mT5sWEJfxZkJ7oW9IHHZL29tUDnW1N/RkLl/Y2A==}
    peerDependencies:
      react: ^16.5.1 || ^17 || ^18 || ^19

  next@16.3.3:
    resolution: {integrity: sha512-JHXb6SrY6TFHDK7gQfUV6KKKwrVBr8GZRgTVfM+BPQJZuK7Lk9fQvN9zt20A5rHCEA4EIB0yAJLMLSRMJFNDQ==}
    engines: {node: '>=18.17.0'}
    hasBin: true
    peerDependencies:
      '@opentelemetry/api': ^1.1.0 || ^1.4.1 || ^1.5.0 || ^1.6.0
      '@playwright/test': ^1.41.2
      react: ^18 || ^19 || ^19.0.0-rc
      react-dom: ^18 || ^19 || ^19.0.0-rc
      sass: ^1.3.0
    peerDependenciesMeta:
      '@opentelemetry/api':
        optional: true
      '@playwright/test':
        optional: true
      react:
        optional: true
      react-dom:
        optional: true
      sass:
        optional: true

  postcss@8.5.6:
    resolution: {integrity: sha512-IFF3TSQvzvltNV6rXf2gKjUIbaG9SNUI2nPUJeETt7LQUOG8zfAMkHewy7dCeI+20PgYTXvwhUf5qHTu0Yczmw==}
    engines: {node: ^10 || ^12 || >=14}

  react-dom@19.2.4:
    resolution: {integrity: sha512-L56hUeqQ3JNmUpJvQfhVJOvZsFOBDr3HMuOCOegkG9d9+6vA6SG6w1P18T3x+eZVf2Oa7A2iBzqv89VtPJql7g==}
    peerDependencies:
      react: '19.2.4'

  react@19.2.4:
    resolution: {integrity: sha512-5N8zfqQ32f2dZTWgJ3VZCJh6L6a+3lzHDHWHXOz8U7C6VF5sV+kBuBJWkBg5t0fYvW4nk6Bi6BRu7b+9dDmVg==}
    engines: {node: '>=0.10.0'}

  razorpay@3.0.0:
    resolution: {integrity: sha512-RvXHiS4M3LqoKGqQfP51KKZZw9jLdLlMJX6nEn1DQVBmcnRhbf9nzaZp5jDfY0FMCmJrLYaWqPBWQCMXqvJnJw==}
    engines: {node: '>=14.0.0'}

  shadcn@4.19.0:
    resolution: {integrity: sha512-TYQ2g2pSX31JpOA5DGKZX0vVe0Ln0U8pHPZvNZdXCwGvWN+GLTB5bIvKdx7r6OG5fPRXr7/QqS1aaLNxMGSA==}
    engines: {node: '>=18'}
    hasBin: true
    peerDependencies:
      typescript: '>=4.7.4'

  tailwind-merge@3.4.0:
    resolution: {integrity: sha512-avkkf64tNYN4BhEd7IjCGiMN9r+N6G6gv8vIbNJ4FEzp9uJ4UKsLqbH0AwIgAm4nYVxCwGp9qGPAWlrp8m4cQ==}

  tailwindcss@4.3.3:
    resolution: {integrity: sha512-W2z7LSe/MfjdR+5h7OxlVhcKSe6s1QdvELqMp+3nLtYNfMb5QE4ZNB6jy13+ky/rXSx82g2kYtFTm2EQ7JTwOA==}
    engines: {node: '>=18'}
    hasBin: true

  tw-animate-css@1.4.0:
    resolution: {integrity: sha512-5W4s1xfxsZJnbDi2Gd7EpJIxV0KRFR+Y4EKHmcDWVrHKHzJu3R0KCvAmhB6aJMQSfm+fHpVkLKxLdHZoggLGA==}

  typescript@5.7.3:
    resolution: {integrity: sha512-84MVSjMEHP+FQRPy+pPVnsWwpih3ZDrjwklItaT/xnx62CEnZaMA1zt3RYor5qe8CVMaxCVkbcNSujX9CsNqWQ==}
    engines: {node: '>=14.17'}
    hasBin: true
